
Microsoft Visual Studio Solution File, Format Version 12.00
# Visual Studio 15
VisualStudioVersion = 15.0.28010.2019
MinimumVisualStudioVersion = 10.0.40219.1
Project("{FAE04EC0-301F-11D3-BF4B-00C04F79EFBC}") = "RTFdzBot", "RTFdzBot\RTFdzBot.csproj", "{D34B6899-377E-42B1-BA36-EDA35FEC2549}"
EndProject
Global
	GlobalSection(SolutionConfigurationPlatforms) = preSolution
		Debug|Any CPU = Debug|Any CPU
		Release|Any CPU = Release|Any CPU
	EndGlobalSection
	GlobalSection(ProjectConfigurationPlatforms) = postSolution
		{D34B6899-377E-42B1-BA36-EDA35FEC2549}.Debug|Any CPU.ActiveCfg = Debug|Any CPU
		{D34B6899-377E-42B1-BA36-EDA35FEC2549}.Debug|Any CPU.Build.0 = Debug|Any CPU
		{D34B6899-377E-42B1-BA36-EDA35FEC2549}.Release|Any CPU.ActiveCfg = Release|Any CPU
		{D34B6899-377E-42B1-BA36-EDA35FEC2549}.Release|Any CPU.Build.0 = Release|Any CPU
	EndGlobalSection
	GlobalSection(SolutionProperties) = preSolution
		HideSolutionNode = FALSE
	EndGlobalSection
	GlobalSection(ExtensibilityGlobals) = postSolution
		SolutionGuid = {DECBC652-8E94-4BFC-BEF3-5C41F2D5D5FF}
	EndGlobalSection
EndGlobal
